// !$*UTF8*$!
{
	archiveVersion = 1;
	classes = {
	};
	objectVersion = 55;
	objects = {

/* Begin PBXBuildFile section */
		094381B51A1BDC3EB8B314EA /* Pods_imusicYndx.framework in Frameworks */ = {isa = PBXBuildFile; fileRef = BA5D20771A4BD65E693A9F3E /* Pods_imusicYndx.framework */; };
		0A45D1E428CA92B200E16B48 /* Extensions.swift in Sources */ = {isa = PBXBuildFile; fileRef = 0A45D1E328CA92B200E16B48 /* Extensions.swift */; };
		0A45D1E628CA92F600E16B48 /* Model.swift in Sources */ = {isa = PBXBuildFile; fileRef = 0A45D1E528CA92F600E16B48 /* Model.swift */; };
		0A45D1E828D5DD6600E16B48 /* Helpers.swift in Sources */ = {isa = PBXBuildFile; fileRef = 0A45D1E728D5DD6500E16B48 /* Helpers.swift */; };
		0A59A60228E7712600FF1E19 /* bensound-lifeiswonderful.mp3 in Resources */ = {isa = PBXBuildFile; fileRef = 0A59A60128E7712600FF1E19 /* bensound-lifeiswonderful.mp3 */; };
		0A59A60428E7713400FF1E19 /* bensound-mass.mp3 in Resources */ = {isa = PBXBuildFile; fileRef = 0A59A60328E7713400FF1E19 /* bensound-mass.mp3 */; };
		0A59A60628E7714600FF1E19 /* bensound-glitchfidelity.mp3 in Resources */ = {isa = PBXBuildFile; fileRef = 0A59A60528E7714600FF1E19 /* bensound-glitchfidelity.mp3 */; };
		0A59A60828E7715F00FF1E19 /* pianomoment.mp3 in Resources */ = {isa = PBXBuildFile; fileRef = 0A59A60728E7715F00FF1E19 /* pianomoment.mp3 */; };
		0A59A60A28E775F900FF1E19 /* Assets.xcassets in Resources */ = {isa = PBXBuildFile; fileRef = 0A59A60928E775F900FF1E19 /* Assets.xcassets */; };
		0AEED1DE28C4BFC200CC22E2 /* AppDelegate.swift in Sources */ = {isa = PBXBuildFile; fileRef = 0AEED1DD28C4BFC200CC22E2 /* AppDelegate.swift */; };
		0AEED1E028C4BFC200CC22E2 /* SceneDelegate.swift in Sources */ = {isa = PBXBuildFile; fileRef = 0AEED1DF28C4BFC200CC22E2 /* SceneDelegate.swift */; };
		0AEED1E228C4BFC200CC22E2 /* ViewController.swift in Sources */ = {isa = PBXBuildFile; fileRef = 0AEED1E128C4BFC200CC22E2 /* ViewController.swift */; };
		0AEED1E528C4BFC200CC22E2 /* Main.storyboard in Resources */ = {isa = PBXBuildFile; fileRef = 0AEED1E328C4BFC200CC22E2 /* Main.storyboard */; };
		0AEED1EA28C4BFC600CC22E2 /* LaunchScreen.storyboard in Resources */ = {isa = PBXBuildFile; fileRef = 0AEED1E828C4BFC600CC22E2 /* LaunchScreen.storyboard */; };
		0AEED1F328C6211000CC22E2 /* CollectionViewCellTrack.swift in Sources */ = {isa = PBXBuildFile; fileRef = 0AEED1F228C6211000CC22E2 /* CollectionViewCellTrack.swift */; };
/* End PBXBuildFile section */

/* Begin PBXFileReference section */
		0A45D1E328CA92B200E16B48 /* Extensions.swift */ = {isa = PBXFileReference; lastKnownFileType = sourcecode.swift; path = Extensions.swift; sourceTree = "<group>"; };
		0A45D1E528CA92F600E16B48 /* Model.swift */ = {isa = PBXFileReference; lastKnownFileType = sourcecode.swift; path = Model.swift; sourceTree = "<group>"; };
		0A45D1E728D5DD6500E16B48 /* Helpers.swift */ = {isa = PBXFileReference; lastKnownFileType = sourcecode.swift; path = Helpers.swift; sourceTree = "<group>"; };
		0A59A60128E7712600FF1E19 /* bensound-lifeiswonderful.mp3 */ = {isa = PBXFileReference; lastKnownFileType = audio.mp3; path = "bensound-lifeiswonderful.mp3"; sourceTree = "<group>"; };
		0A59A60328E7713400FF1E19 /* bensound-mass.mp3 */ = {isa = PBXFileReference; lastKnownFileType = audio.mp3; path = "bensound-mass.mp3"; sourceTree = "<group>"; };
		0A59A60528E7714600FF1E19 /* bensound-glitchfidelity.mp3 */ = {isa = PBXFileReference; lastKnownFileType = audio.mp3; path = "bensound-glitchfidelity.mp3"; sourceTree = "<group>"; };
		0A59A60728E7715F00FF1E19 /* pianomoment.mp3 */ = {isa = PBXFileReference; lastKnownFileType = audio.mp3; path = pianomoment.mp3; sourceTree = "<group>"; };
		0A59A60928E775F900FF1E19 /* Assets.xcassets */ = {isa = PBXFileReference; lastKnownFileType = folder.assetcatalog; path = Assets.xcassets; sourceTree = "<group>"; };
		0AEED1DA28C4BFC200CC22E2 /* imusicYndx.app */ = {isa = PBXFileReference; explicitFileType = wrapper.application; includeInIndex = 0; path = imusicYndx.app; sourceTree = BUILT_PRODUCTS_DIR; };
		0AEED1DD28C4BFC200CC22E2 /* AppDelegate.swift */ = {isa = PBXFileReference; lastKnownFileType = sourcecode.swift; path = AppDelegate.swift; sourceTree = "<group>"; };
		0AEED1DF28C4BFC200CC22E2 /* SceneDelegate.swift */ = {isa = PBXFileReference; lastKnownFileType = sourcecode.swift; path = SceneDelegate.swift; sourceTree = "<group>"; };
		0AEED1E128C4BFC200CC22E2 /* ViewController.swift */ = {isa = PBXFileReference; lastKnownFileType = sourcecode.swift; path = ViewController.swift; sourceTree = "<group>"; };
		0AEED1E428C4BFC200CC22E2 /* Base */ = {isa = PBXFileReference; lastKnownFileType = file.storyboard; name = Base; path = Base.lproj/Main.storyboard; sourceTree = "<group>"; };
		0AEED1E928C4BFC600CC22E2 /* Base */ = {isa = PBXFileReference; lastKnownFileType = file.storyboard; name = Base; path = Base.lproj/LaunchScreen.storyboard; sourceTree = "<group>"; };
		0AEED1EB28C4BFC600CC22E2 /* Info.plist */ = {isa = PBXFileReference; lastKnownFileType = text.plist.xml; path = Info.plist; sourceTree = "<group>"; };
		0AEED1F228C6211000CC22E2 /* CollectionViewCellTrack.swift */ = {isa = PBXFileReference; lastKnownFileType = sourcecode.swift; path = CollectionViewCellTrack.swift; sourceTree = "<group>"; };
		BA5D20771A4BD65E693A9F3E /* Pods_imusicYndx.framework */ = {isa = PBXFileReference; explicitFileType = wrapper.framework; includeInIndex = 0; path = Pods_imusicYndx.framework; sourceTree = BUILT_PRODUCTS_DIR; };
		C5192525D1B897E6E5DFE785 /* Pods-imusicYndx.debug.xcconfig */ = {isa = PBXFileReference; includeInIndex = 1; lastKnownFileType = text.xcconfig; name = "Pods-imusicYndx.debug.xcconfig"; path = "Target Support Files/Pods-imusicYndx/Pods-imusicYndx.debug.xcconfig"; sourceTree = "<group>"; };
		CF6A79778DA4BE3657C2E8F7 /* Pods-imusicYndx.release.xcconfig */ = {isa = PBXFileReference; includeInIndex = 1; lastKnownFileType = text.xcconfig; name = "Pods-imusicYndx.release.xcconfig"; path = "Target Support Files/Pods-imusicYndx/Pods-imusicYndx.release.xcconfig"; sourceTree = "<group>"; };
/* End PBXFileReference section */

/* Begin PBXFrameworksBuildPhase section */
		0AEED1D728C4BFC200CC22E2 /* Frameworks */ = {
			isa = PBXFrameworksBuildPhase;
			buildActionMask = 2147483647;
			files = (
				094381B51A1BDC3EB8B314EA /* Pods_imusicYndx.framework in Frameworks */,
			);
			runOnlyForDeploymentPostprocessing = 0;
		};
/* End PBXFrameworksBuildPhase section */

/* Begin PBXGroup section */
		0AEED1D128C4BFC200CC22E2 = {
			isa = PBXGroup;
			children = (
				0AEED1DC28C4BFC200CC22E2 /* imusicYndx */,
				0AEED1DB28C4BFC200CC22E2 /* Products */,
				557B474ACCCE416188121D4F /* Pods */,
				5BF5B403179BFA1DEB1B0972 /* Frameworks */,
			);
			sourceTree = "<group>";
		};
		0AEED1DB28C4BFC200CC22E2 /* Products */ = {
			isa = PBXGroup;
			children = (
				0AEED1DA28C4BFC200CC22E2 /* imusicYndx.app */,
			);
			name = Products;
			sourceTree = "<group>";
		};
		0AEED1DC28C4BFC200CC22E2 /* imusicYndx */ = {
			isa = PBXGroup;
			children = (
				0AEED1F128C4C1B600CC22E2 /* Support */,
				0AEED1E128C4BFC200CC22E2 /* ViewController.swift */,
				0AEED1F228C6211000CC22E2 /* CollectionViewCellTrack.swift */,
				0A45D1E328CA92B200E16B48 /* Extensions.swift */,
				0A45D1E528CA92F600E16B48 /* Model.swift */,
				0A45D1E728D5DD6500E16B48 /* Helpers.swift */,
				0AEED1E328C4BFC200CC22E2 /* Main.storyboard */,
				0AEED1EB28C4BFC600CC22E2 /* Info.plist */,
				0A59A60128E7712600FF1E19 /* bensound-lifeiswonderful.mp3 */,
				0A59A60328E7713400FF1E19 /* bensound-mass.mp3 */,
				0A59A60528E7714600FF1E19 /* bensound-glitchfidelity.mp3 */,
				0A59A60728E7715F00FF1E19 /* pianomoment.mp3 */,
			);
			path = imusicYndx;
			sourceTree = "<group>";
		};
		0AEED1F128C4C1B600CC22E2 /* Support */ = {
			isa = PBXGroup;
			children = (
				0AEED1DD28C4BFC200CC22E2 /* AppDelegate.swift */,
				0AEED1DF28C4BFC200CC22E2 /* SceneDelegate.swift */,
				0AEED1E828C4BFC600CC22E2 /* LaunchScreen.storyboard */,
				0A59A60928E775F900FF1E19 /* Assets.xcassets */,
			);
			path = Support;
			sourceTree = "<group>";
		};
		557B474ACCCE416188121D4F /* Pods */ = {
			isa = PBXGroup;
			children = (
				C5192525D1B897E6E5DFE785 /* Pods-imusicYndx.debug.xcconfig */,
				CF6A79778DA4BE3657C2E8F7 /* Pods-imusicYndx.release.xcconfig */,
			);
			name = Pods;
			path = Pods;
			sourceTree = "<group>";
		};
		5BF5B403179BFA1DEB1B0972 /* Frameworks */ = {
			isa = PBXGroup;
			children = (
				BA5D20771A4BD65E693A9F3E /* Pods_imusicYndx.framework */,
			);
			name = Frameworks;
			sourceTree = "<group>";
		};
/* End PBXGroup section */

/* Begin PBXNativeTarget section */
		0AEED1D928C4BFC200CC22E2 /* imusicYndx */ = {
			isa = PBXNativeTarget;
			buildConfigurationList = 0AEED1EE28C4BFC600CC22E2 /* Build configuration list for PBXNativeTarget "imusicYndx" */;
			buildPhases = (
				75EEDB834DE5B39AA221DA51 /* [CP] Check Pods Manifest.lock */,
				0AEED1D628C4BFC200CC22E2 /* Sources */,
				0AEED1D728C4BFC200CC22E2 /* Frameworks */,
				0AEED1D828C4BFC200CC22E2 /* Resources */,
				36D05C5C816123FB34BD5641 /* [CP] Embed Pods Frameworks */,
			);
			buildRules = (
			);
			dependencies = (
			);
			name = imusicYndx;
			productName = imusicYndx;
			productReference = 0AEED1DA28C4BFC200CC22E2 /* imusicYndx.app */;
			productType = "com.apple.product-type.application";
		};
/* End PBXNativeTarget section */

/* Begin PBXProject section */
		0AEED1D228C4BFC200CC22E2 /* Project object */ = {
			isa = PBXProject;
			attributes = {
				BuildIndependentTargetsInParallel = 1;
				LastSwiftUpdateCheck = 1340;
				LastUpgradeCheck = 1340;
				TargetAttributes = {
					0AEED1D928C4BFC200CC22E2 = {
						CreatedOnToolsVersion = 13.4.1;
					};
				};
			};
			buildConfigurationList = 0AEED1D528C4BFC200CC22E2 /* Build configuration list for PBXProject "imusicYndx" */;
			compatibilityVersion = "Xcode 13.0";
			developmentRegion = en;
			hasScannedForEncodings = 0;
			knownRegions = (
				en,
				Base,
			);
			mainGroup = 0AEED1D128C4BFC200CC22E2;
			productRefGroup = 0AEED1DB28C4BFC200CC22E2 /* Products */;
			projectDirPath = "";
			projectRoot = "";
			targets = (
				0AEED1D928C4BFC200CC22E2 /* imusicYndx */,
			);
		};
/* End PBXProject section */

/* Begin PBXResourcesBuildPhase section */
		0AEED1D828C4BFC200CC22E2 /* Resources */ = {
			isa = PBXResourcesBuildPhase;
			buildActionMask = 2147483647;
			files = (
				0AEED1EA28C4BFC600CC22E2 /* LaunchScreen.storyboard in Resources */,
				0A59A60628E7714600FF1E19 /* bensound-glitchfidelity.mp3 in Resources */,
				0A59A60428E7713400FF1E19 /* bensound-mass.mp3 in Resources */,
				0AEED1E528C4BFC200CC22E2 /* Main.storyboard in Resources */,
				0A59A60A28E775F900FF1E19 /* Assets.xcassets in Resources */,
				0A59A60828E7715F00FF1E19 /* pianomoment.mp3 in Resources */,
				0A59A60228E7712600FF1E19 /* bensound-lifeiswonderful.mp3 in Resources */,
			);
			runOnlyForDeploymentPostprocessing = 0;
		};
/* End PBXResourcesBuildPhase section */

/* Begin PBXShellScriptBuildPhase section */
		36D05C5C816123FB34BD5641 /* [CP] Embed Pods Frameworks */ = {
			isa = PBXShellScriptBuildPhase;
			buildActionMask = 2147483647;
			files = (
			);
			inputFileListPaths = (
				"${PODS_ROOT}/Target Support Files/Pods-imusicYndx/Pods-imusicYndx-frameworks-${CONFIGURATION}-input-files.xcfilelist",
			);
			name = "[CP] Embed Pods Frameworks";
			outputFileListPaths = (
				"${PODS_ROOT}/Target Support Files/Pods-imusicYndx/Pods-imusicYndx-frameworks-${CONFIGURATION}-output-files.xcfilelist",
			);
			runOnlyForDeploymentPostprocessing = 0;
			shellPath = /bin/sh;
			shellScript = "\"${PODS_ROOT}/Target Support Files/Pods-imusicYndx/Pods-imusicYndx-frameworks.sh\"\n";
			showEnvVarsInLog = 0;
		};
		75EEDB834DE5B39AA221DA51 /* [CP] Check Pods Manifest.lock */ = {
			isa = PBXShellScriptBuildPhase;
			buildActionMask = 2147483647;
			files = (
			);
			inputFileListPaths = (
			);
			inputPaths = (
				"${PODS_PODFILE_DIR_PATH}/Podfile.lock",
				"${PODS_ROOT}/Manifest.lock",
			);
			name = "[CP] Check Pods Manifest.lock";
			outputFileListPaths = (
			);
			outputPaths = (
				"$(DERIVED_FILE_DIR)/Pods-imusicYndx-checkManifestLockResult.txt",
			);
			runOnlyForDeploymentPostprocessing = 0;
			shellPath = /bin/sh;
			shellScript = "diff \"${PODS_PODFILE_DIR_PATH}/Podfile.lock\" \"${PODS_ROOT}/Manifest.lock\" > /dev/null\nif [ $? != 0 ] ; then\n    # print error to STDERR\n    echo \"error: The sandbox is not in sync with the Podfile.lock. Run 'pod install' or update your CocoaPods installation.\" >&2\n    exit 1\nfi\n# This output is used by Xcode 'outputs' to avoid re-running this script phase.\necho \"SUCCESS\" > \"${SCRIPT_OUTPUT_FILE_0}\"\n";
			showEnvVarsInLog = 0;
		};
/* End PBXShellScriptBuildPhase section */

/* Begin PBXSourcesBuildPhase section */
		0AEED1D628C4BFC200CC22E2 /* Sources */ = {
			isa = PBXSourcesBuildPhase;
			buildActionMask = 2147483647;
			files = (
				0A45D1E428CA92B200E16B48 /* Extensions.swift in Sources */,
				0A45D1E828D5DD6600E16B48 /* Helpers.swift in Sources */,
				0AEED1E228C4BFC200CC22E2 /* ViewController.swift in Sources */,
				0AEED1DE28C4BFC200CC22E2 /* AppDelegate.swift in Sources */,
				0A45D1E628CA92F600E16B48 /* Model.swift in Sources */,
				0AEED1F328C6211000CC22E2 /* CollectionViewCellTrack.swift in Sources */,
				0AEED1E028C4BFC200CC22E2 /* SceneDelegate.swift in Sources */,
			);
			runOnlyForDeploymentPostprocessing = 0;
		};
/* End PBXSourcesBuildPhase section */

/* Begin PBXVariantGroup section */
		0AEED1E328C4BFC200CC22E2 /* Main.storyboard */ = {
			isa = PBXVariantGroup;
			children = (
				0AEED1E428C4BFC200CC22E2 /* Base */,
			);
			name = Main.storyboard;
			sourceTree = "<group>";
		};
		0AEED1E828C4BFC600CC22E2 /* LaunchScreen.storyboard */ = {
			isa = PBXVariantGroup;
			children = (
				0AEED1E928C4BFC600CC22E2 /* Base */,
			);
			name = LaunchScreen.storyboard;
			sourceTree = "<group>";
		};
/* End PBXVariantGroup section */

/* Begin XCBuildConfiguration section */
		0AEED1EC28C4BFC600CC22E2 /* Debug */ = {
			isa = XCBuildConfiguration;
			buildSettings = {
				ALWAYS_SEARCH_USER_PATHS = NO;
				CLANG_ANALYZER_NONNULL = YES;
				CLANG_ANALYZER_NUMBER_OBJECT_CONVERSION = YES_AGGRESSIVE;
				CLANG_CXX_LANGUAGE_STANDARD = "gnu++17";
				CLANG_ENABLE_MODULES = YES;
				CLANG_ENABLE_OBJC_ARC = YES;
				CLANG_ENABLE_OBJC_WEAK = YES;
				CLANG_WARN_BLOCK_CAPTURE_AUTORELEASING = YES;
				CLANG_WARN_BOOL_CONVERSION = YES;
				CLANG_WARN_COMMA = YES;
				CLANG_WARN_CONSTANT_CONVERSION = YES;
				CLANG_WARN_DEPRECATED_OBJC_IMPLEMENTATIONS = YES;
				CLANG_WARN_DIRECT_OBJC_ISA_USAGE = YES_ERROR;
				CLANG_WARN_DOCUMENTATION_COMMENTS = YES;
				CLANG_WARN_EMPTY_BODY = YES;
				CLANG_WARN_ENUM_CONVERSION = YES;
				CLANG_WARN_INFINITE_RECURSION = YES;
				CLANG_WARN_INT_CONVERSION = YES;
				CLANG_WARN_NON_LITERAL_NULL_CONVERSION = YES;
				CLANG_WARN_OBJC_IMPLICIT_RETAIN_SELF = YES;
				CLANG_WARN_OBJC_LITERAL_CONVERSION = YES;
				CLANG_WARN_OBJC_ROOT_CLASS = YES_ERROR;
				CLANG_WARN_QUOTED_INCLUDE_IN_FRAMEWORK_HEADER = YES;
				CLANG_WARN_RANGE_LOOP_ANALYSIS = YES;
				CLANG_WARN_STRICT_PROTOTYPES = YES;
				CLANG_WARN_SUSPICIOUS_MOVE = YES;
				CLANG_WARN_UNGUARDED_AVAILABILITY = YES_AGGRESSIVE;
				CLANG_WARN_UNREACHABLE_CODE = YES;
				CLANG_WARN__DUPLICATE_METHOD_MATCH = YES;
				COPY_PHASE_STRIP = NO;
				DEBUG_INFORMATION_FORMAT = dwarf;
				ENABLE_STRICT_OBJC_MSGSEND = YES;
				ENABLE_TESTABILITY = YES;
				GCC_C_LANGUAGE_STANDARD = gnu11;
				GCC_DYNAMIC_NO_PIC = NO;
				GCC_NO_COMMON_BLOCKS = YES;
				GCC_OPTIMIZATION_LEVEL = 0;
				GCC_PREPROCESSOR_DEFINITIONS = (
					"DEBUG=1",
					"$(inherited)",
				);
				GCC_WARN_64_TO_32_BIT_CONVERSION = YES;
				GCC_WARN_ABOUT_RETURN_TYPE = YES_ERROR;
				GCC_WARN_UNDECLARED_SELECTOR = YES;
				GCC_WARN_UNINITIALIZED_AUTOS = YES_AGGRESSIVE;
				GCC_WARN_UNUSED_FUNCTION = YES;
				GCC_WARN_UNUSED_VARIABLE = YES;
				IPHONEOS_DEPLOYMENT_TARGET = 15.5;
				MTL_ENABLE_DEBUG_INFO = INCLUDE_SOURCE;
				MTL_FAST_MATH = YES;
				ONLY_ACTIVE_ARCH = YES;
				SDKROOT = iphoneos;
				SWIFT_ACTIVE_COMPILATION_CONDITIONS = DEBUG;
				SWIFT_OPTIMIZATION_LEVEL = "-Onone";
			};
			name = Debug;
		};
		0AEED1ED28C4BFC600CC22E2 /* Release */ = {
			isa = XCBuildConfiguration;
			buildSettings = {
				ALWAYS_SEARCH_USER_PATHS = NO;
				CLANG_ANALYZER_NONNULL = YES;
				CLANG_ANALYZER_NUMBER_OBJECT_CONVERSION = YES_AGGRESSIVE;
				CLANG_CXX_LANGUAGE_STANDARD = "gnu++17";
				CLANG_ENABLE_MODULES = YES;
				CLANG_ENABLE_OBJC_ARC = YES;
				CLANG_ENABLE_OBJC_WEAK = YES;
				CLANG_WARN_BLOCK_CAPTURE_AUTORELEASING = YES;
				CLANG_WARN_BOOL_CONVERSION = YES;
				CLANG_WARN_COMMA = YES;
				CLANG_WARN_CONSTANT_CONVERSION = YES;
				CLANG_WARN_DEPRECATED_OBJC_IMPLEMENTATIONS = YES;
				CLANG_WARN_DIRECT_OBJC_ISA_USAGE = YES_ERROR;
				CLANG_WARN_DOCUMENTATION_COMMENTS = YES;
				CLANG_WARN_EMPTY_BODY = YES;
				CLANG_WARN_ENUM_CONVERSION = YES;
				CLANG_WARN_INFINITE_RECURSION = YES;
				CLANG_WARN_INT_CONVERSION = YES;
				CLANG_WARN_NON_LITERAL_NULL_CONVERSION = YES;
				CLANG_WARN_OBJC_IMPLICIT_RETAIN_SELF = YES;
				CLANG_WARN_OBJC_LITERAL_CONVERSION = YES;
				CLANG_WARN_OBJC_ROOT_CLASS = YES_ERROR;
				CLANG_WARN_QUOTED_INCLUDE_IN_FRAMEWORK_HEADER = YES;
				CLANG_WARN_RANGE_LOOP_ANALYSIS = YES;
				CLANG_WARN_STRICT_PROTOTYPES = YES;
				CLANG_WARN_SUSPICIOUS_MOVE = YES;
				CLANG_WARN_UNGUARDED_AVAILABILITY = YES_AGGRESSIVE;
				CLANG_WARN_UNREACHABLE_CODE = YES;
				CLANG_WARN__DUPLICATE_METHOD_MATCH = YES;
				COPY_PHASE_STRIP = NO;
				DEBUG_INFORMATION_FORMAT = "dwarf-with-dsym";
				ENABLE_NS_ASSERTIONS = NO;
				ENABLE_STRICT_OBJC_MSGSEND = YES;
				GCC_C_LANGUAGE_STANDARD = gnu11;
				GCC_NO_COMMON_BLOCKS = YES;
				GCC_WARN_64_TO_32_BIT_CONVERSION = YES;
				GCC_WARN_ABOUT_RETURN_TYPE = YES_ERROR;
				GCC_WARN_UNDECLARED_SELECTOR = YES;
				GCC_WARN_UNINITIALIZED_AUTOS = YES_AGGRESSIVE;
				GCC_WARN_UNUSED_FUNCTION = YES;
				GCC_WARN_UNUSED_VARIABLE = YES;
				IPHONEOS_DEPLOYMENT_TARGET = 15.5;
				MTL_ENABLE_DEBUG_INFO = NO;
				MTL_FAST_MATH = YES;
				SDKROOT = iphoneos;
				SWIFT_COMPILATION_MODE = wholemodule;
				SWIFT_OPTIMIZATION_LEVEL = "-O";
				VALIDATE_PRODUCT = YES;
			};
			name = Release;
		};
		0AEED1EF28C4BFC600CC22E2 /* Debug */ = {
			isa = XCBuildConfiguration;
			baseConfigurationReference = C5192525D1B897E6E5DFE785 /* Pods-imusicYndx.debug.xcconfig */;
			buildSettings = {
				ASSETCATALOG_COMPILER_APPICON_NAME = AppIcon;
				ASSETCATALOG_COMPILER_GLOBAL_ACCENT_COLOR_NAME = AccentColor;
				CODE_SIGN_STYLE = Automatic;
				CURRENT_PROJECT_VERSION = 1;
				GENERATE_INFOPLIST_FILE = YES;
				INFOPLIST_FILE = imusicYndx/Info.plist;
				INFOPLIST_KEY_UIApplicationSupportsIndirectInputEvents = YES;
				INFOPLIST_KEY_UILaunchStoryboardName = LaunchScreen;
				INFOPLIST_KEY_UISupportedInterfaceOrientations_iPad = "UIInterfaceOrientationPortrait UIInterfaceOrientationPortraitUpsideDown UIInterfaceOrientationLandscapeLeft UIInterfaceOrientationLandscapeRight";
				INFOPLIST_KEY_UISupportedInterfaceOrientations_iPhone = "UIInterfaceOrientationPortrait UIInterfaceOrientationLandscapeLeft UIInterfaceOrientationLandscapeRight";
				LD_RUNPATH_SEARCH_PATHS = (
					"$(inherited)",
					"@executable_path/Frameworks",
				);
				MARKETING_VERSION = 1.0;
				PRODUCT_BUNDLE_IDENTIFIER = home.imusicYndx;
				PRODUCT_NAME = "$(TARGET_NAME)";
				SWIFT_EMIT_LOC_STRINGS = YES;
				SWIFT_VERSION = 5.0;
				TARGETED_DEVICE_FAMILY = "1,2";
			};
			name = Debug;
		};
		0AEED1F028C4BFC600CC22E2 /* Release */ = {
			isa = XCBuildConfiguration;
			baseConfigurationReference = CF6A79778DA4BE3657C2E8F7 /* Pods-imusicYndx.release.xcconfig */;
			buildSettings = {
				ASSETCATALOG_COMPILER_APPICON_NAME = AppIcon;
				ASSETCATALOG_COMPILER_GLOBAL_ACCENT_COLOR_NAME = AccentColor;
				CODE_SIGN_STYLE = Automatic;
				CURRENT_PROJECT_VERSION = 1;
				GENERATE_INFOPLIST_FILE = YES;
				INFOPLIST_FILE = imusicYndx/Info.plist;
				INFOPLIST_KEY_UIApplicationSupportsIndirectInputEvents = YES;
				INFOPLIST_KEY_UILaunchStoryboardName = LaunchScreen;
				INFOPLIST_KEY_UISupportedInterfaceOrientations_iPad = "UIInterfaceOrientationPortrait UIInterfaceOrientationPortraitUpsideDown UIInterfaceOrientationLandscapeLeft UIInterfaceOrientationLandscapeRight";
				INFOPLIST_KEY_UISupportedInterfaceOrientations_iPhone = "UIInterfaceOrientationPortrait UIInterfaceOrientationLandscapeLeft UIInterfaceOrientationLandscapeRight";
				LD_RUNPATH_SEARCH_PATHS = (
					"$(inherited)",
					"@executable_path/Frameworks",
				);
				MARKETING_VERSION = 1.0;
				PRODUCT_BUNDLE_IDENTIFIER = home.imusicYndx;
				PRODUCT_NAME = "$(TARGET_NAME)";
				SWIFT_EMIT_LOC_STRINGS = YES;
				SWIFT_VERSION = 5.0;
				TARGETED_DEVICE_FAMILY = "1,2";
			};
			name = Release;
		};
/* End XCBuildConfiguration section */

/* Begin XCConfigurationList section */
		0AEED1D528C4BFC200CC22E2 /* Build configuration list for PBXProject "imusicYndx" */ = {
			isa = XCConfigurationList;
			buildConfigurations = (
				0AEED1EC28C4BFC600CC22E2 /* Debug */,
				0AEED1ED28C4BFC600CC22E2 /* Release */,
			);
			defaultConfigurationIsVisible = 0;
			defaultConfigurationName = Release;
		};
		0AEED1EE28C4BFC600CC22E2 /* Build configuration list for PBXNativeTarget "imusicYndx" */ = {
			isa = XCConfigurationList;
			buildConfigurations = (
				0AEED1EF28C4BFC600CC22E2 /* Debug */,
				0AEED1F028C4BFC600CC22E2 /* Release */,
			);
			defaultConfigurationIsVisible = 0;
			defaultConfigurationName = Release;
		};
/* End XCConfigurationList section */
	};
	rootObject = 0AEED1D228C4BFC200CC22E2 /* Project object */;
}
